
Microsoft Visual Studio Solution File, Format Version 12.00
# Visual Studio Version 17
VisualStudioVersion = 17.9.34616.47
MinimumVisualStudioVersion = 10.0.40219.1
Project("{FAE04EC0-301F-11D3-BF4B-00C04F79EFBC}") = "Supermarket", "Supermarket\Supermarket.csproj", "{1DC366BD-7D63-41D5-8944-D58A87D82918}"
EndProject
Global
	GlobalSection(SolutionConfigurationPlatforms) = preSolution
		Debug|Any CPU = Debug|Any CPU
		Release|Any CPU = Release|Any CPU
	EndGlobalSection
	GlobalSection(ProjectConfigurationPlatforms) = postSolution
		{1DC366BD-7D63-41D5-8944-D58A87D82918}.Debug|Any CPU.ActiveCfg = Debug|Any CPU
		{1DC366BD-7D63-41D5-8944-D58A87D82918}.Debug|Any CPU.Build.0 = Debug|Any CPU
		{1DC366BD-7D63-41D5-8944-D58A87D82918}.Release|Any CPU.ActiveCfg = Release|Any CPU
		{1DC366BD-7D63-41D5-8944-D58A87D82918}.Release|Any CPU.Build.0 = Release|Any CPU
	EndGlobalSection
	GlobalSection(SolutionProperties) = preSolution
		HideSolutionNode = FALSE
	EndGlobalSection
	GlobalSection(ExtensibilityGlobals) = postSolution
		SolutionGuid = {7BD56CF4-9F94-4DB0-830F-094C80028088}
	EndGlobalSection
EndGlobal
